
Microsoft Visual Studio Solution File, Format Version 12.00
# Visual Studio Version 16
VisualStudioVersion = 16.0.29326.143
MinimumVisualStudioVersion = 10.0.40219.1
Project("{8BC9CEB8-8B4A-11D0-8D11-00A0C91BC942}") = "controller_rawinput", "controller_rawinput\controller_rawinput.vcxproj", "{6E51F717-1D25-4B9D-AD2F-B4146C638FD4}"
EndProject
Global
	GlobalSection(SolutionConfigurationPlatforms) = preSolution
		Debug|x64 = Debug|x64
		Debug|x86 = Debug|x86
		Release|x64 = Release|x64
		Release|x86 = Release|x86
	EndGlobalSection
	GlobalSection(ProjectConfigurationPlatforms) = postSolution
		{6E51F717-1D25-4B9D-AD2F-B4146C638FD4}.Debug|x64.ActiveCfg = Debug|x64
		{6E51F717-1D25-4B9D-AD2F-B4146C638FD4}.Debug|x64.Build.0 = Debug|x64
		{6E51F717-1D25-4B9D-AD2F-B4146C638FD4}.Debug|x86.ActiveCfg = Debug|Win32
		{6E51F717-1D25-4B9D-AD2F-B4146C638FD4}.Debug|x86.Build.0 = Debug|Win32
		{6E51F717-1D25-4B9D-AD2F-B4146C638FD4}.Release|x64.ActiveCfg = Release|x64
		{6E51F717-1D25-4B9D-AD2F-B4146C638FD4}.Release|x64.Build.0 = Release|x64
		{6E51F717-1D25-4B9D-AD2F-B4146C638FD4}.Release|x86.ActiveCfg = Release|Win32
		{6E51F717-1D25-4B9D-AD2F-B4146C638FD4}.Release|x86.Build.0 = Release|Win32
	EndGlobalSection
	GlobalSection(SolutionProperties) = preSolution
		HideSolutionNode = FALSE
	EndGlobalSection
	GlobalSection(ExtensibilityGlobals) = postSolution
		SolutionGuid = {D38CF469-8A3A-4733-A3E2-F7C9D21385D3}
	EndGlobalSection
EndGlobal
